
Microsoft Visual Studio Solution File, Format Version 12.00
# Visual Studio Version 16
VisualStudioVersion = 16.0.29418.71
MinimumVisualStudioVersion = 10.0.40219.1
Project("{FAE04EC0-301F-11D3-BF4B-00C04F79EFBC}") = "University-advisor-web", "University-advisor-web\University-advisor-web.csproj", "{9C0C8E4E-28EF-428B-860B-09397E14AB25}"
EndProject
Global
	GlobalSection(SolutionConfigurationPlatforms) = preSolution
		Debug|Any CPU = Debug|Any CPU
		Release|Any CPU = Release|Any CPU
	EndGlobalSection
	GlobalSection(ProjectConfigurationPlatforms) = postSolution
		{9C0C8E4E-28EF-428B-860B-09397E14AB25}.Debug|Any CPU.ActiveCfg = Debug|Any CPU
		{9C0C8E4E-28EF-428B-860B-09397E14AB25}.Debug|Any CPU.Build.0 = Debug|Any CPU
		{9C0C8E4E-28EF-428B-860B-09397E14AB25}.Release|Any CPU.ActiveCfg = Release|Any CPU
		{9C0C8E4E-28EF-428B-860B-09397E14AB25}.Release|Any CPU.Build.0 = Release|Any CPU
	EndGlobalSection
	GlobalSection(SolutionProperties) = preSolution
		HideSolutionNode = FALSE
	EndGlobalSection
	GlobalSection(ExtensibilityGlobals) = postSolution
		SolutionGuid = {82C9560E-A7C7-433B-8BB2-3F6C060A6E55}
	EndGlobalSection
EndGlobal
